
Microsoft Visual Studio Solution File, Format Version 12.00
# Visual Studio Version 17
VisualStudioVersion = 17.1.32210.238
MinimumVisualStudioVersion = 10.0.40219.1
Project("{FAE04EC0-301F-11D3-BF4B-00C04F79EFBC}") = "Rest_api", "Rest_api\Rest_api.csproj", "{B223A921-9940-4CD3-8B64-84C6B263BE1B}"
EndProject
Global
	GlobalSection(SolutionConfigurationPlatforms) = preSolution
		Debug|Any CPU = Debug|Any CPU
		Release|Any CPU = Release|Any CPU
	EndGlobalSection
	GlobalSection(ProjectConfigurationPlatforms) = postSolution
		{B223A921-9940-4CD3-8B64-84C6B263BE1B}.Debug|Any CPU.ActiveCfg = Debug|Any CPU
		{B223A921-9940-4CD3-8B64-84C6B263BE1B}.Debug|Any CPU.Build.0 = Debug|Any CPU
		{B223A921-9940-4CD3-8B64-84C6B263BE1B}.Release|Any CPU.ActiveCfg = Release|Any CPU
		{B223A921-9940-4CD3-8B64-84C6B263BE1B}.Release|Any CPU.Build.0 = Release|Any CPU
	EndGlobalSection
	GlobalSection(SolutionProperties) = preSolution
		HideSolutionNode = FALSE
	EndGlobalSection
	GlobalSection(ExtensibilityGlobals) = postSolution
		SolutionGuid = {3DAA0985-CADC-481C-9F62-8F9DD93C8254}
	EndGlobalSection
EndGlobal
